<?xml version="1.0" encoding="utf-8"?>
<Project ToolsVersion="4.0" xmlns="http://schemas.microsoft.com/developer/msbuild/2003">
  <ItemGroup>
    <Filter Include="Quelldateien">
      <UniqueIdentifier>{4FC737F1-C7A5-4376-A066-2A32D752A2FF}</UniqueIdentifier>
      <Extensions>cpp;c;cc;cxx;def;odl;idl;hpj;bat;asm;asmx</Extensions>
    </Filter>
    <Filter Include="Headerdateien">
      <UniqueIdentifier>{93995380-89BD-4b04-88EB-625FBE52EBFB}</UniqueIdentifier>
      <Extensions>h;hpp;hxx;hm;inl;inc;xsd</Extensions>
    </Filter>
    <Filter Include="Ressourcendateien">
      <UniqueIdentifier>{67DA6AB6-F800-4c08-8B7A-83BB121AAD01}</UniqueIdentifier>
      <Extensions>rc;ico;cur;bmp;dlg;rc2;rct;bin;rgs;gif;jpg;jpeg;jpe;resx;tiff;tif;png;wav;mfcribbon-ms</Extensions>
    </Filter>
  </ItemGroup>
  <ItemGroup>
    <ClInclude Include="Game.h">
      <Filter>Headerdateien</Filter>
    </ClInclude>
    <ClInclude Include="resource.h">
      <Filter>Headerdateien</Filter>
    </ClInclude>
    <ClInclude Include="targetver.h">
      <Filter>Headerdateien</Filter>
    </ClInclude>
    <ClInclude Include="x3dImporter.h">
      <Filter>Headerdateien</Filter>
    </ClInclude>
    <ClInclude Include="Vector3D.h">
      <Filter>Headerdateien</Filter>
    </ClInclude>
    <ClInclude Include="Appearance.h">
      <Filter>Headerdateien</Filter>
    </ClInclude>
    <ClInclude Include="x3dMaterial.h">
      <Filter>Headerdateien</Filter>
    </ClInclude>
    <ClInclude Include="x3dTexture.h">
      <Filter>Headerdateien</Filter>
    </ClInclude>
    <ClInclude Include="Pair.h">
      <Filter>Headerdateien</Filter>
    </ClInclude>
    <ClInclude Include="x3dParser.h">
      <Filter>Headerdateien</Filter>
    </ClInclude>
    <ClInclude Include="Matrix.h">
      <Filter>Headerdateien</Filter>
    </ClInclude>
    <ClInclude Include="x3dLight.h">
      <Filter>Headerdateien</Filter>
    </ClInclude>
    <ClInclude Include="x3dViewpoint.h">
      <Filter>Headerdateien</Filter>
    </ClInclude>
    <ClInclude Include="x3dSphere.h">
      <Filter>Headerdateien</Filter>
    </ClInclude>
    <ClInclude Include="x3dBox.h">
      <Filter>Headerdateien</Filter>
    </ClInclude>
    <ClInclude Include="x3dCircle2D.h">
      <Filter>Headerdateien</Filter>
    </ClInclude>
    <ClInclude Include="x3dCone.h">
      <Filter>Headerdateien</Filter>
    </ClInclude>
    <ClInclude Include="x3dArcClose2D.h">
      <Filter>Headerdateien</Filter>
    </ClInclude>
    <ClInclude Include="x3dCylinder.h">
      <Filter>Headerdateien</Filter>
    </ClInclude>
    <ClInclude Include="x3dDisk2D.h">
      <Filter>Headerdateien</Filter>
    </ClInclude>
    <ClInclude Include="x3dPlane.h">
      <Filter>Headerdateien</Filter>
    </ClInclude>
    <ClInclude Include="x3dTorus.h">
      <Filter>Headerdateien</Filter>
    </ClInclude>
    <ClInclude Include="x3dPyramid.h">
      <Filter>Headerdateien</Filter>
    </ClInclude>
    <ClInclude Include="x3dArc2D.h">
      <Filter>Headerdateien</Filter>
    </ClInclude>
    <ClInclude Include="x3dObject.h">
      <Filter>Headerdateien</Filter>
    </ClInclude>
    <ClInclude Include="x3dPointLight.h">
      <Filter>Headerdateien</Filter>
    </ClInclude>
    <ClInclude Include="x3dSpotLight.h">
      <Filter>Headerdateien</Filter>
    </ClInclude>
    <ClInclude Include="x3dDirectionalLight.h">
      <Filter>Headerdateien</Filter>
    </ClInclude>
    <ClInclude Include="x3dView.h">
      <Filter>Headerdateien</Filter>
    </ClInclude>
    <ClInclude Include="x3dOrthoviewpoint.h">
      <Filter>Headerdateien</Filter>
    </ClInclude>
    <ClInclude Include="x3dModel.h">
      <Filter>Headerdateien</Filter>
    </ClInclude>
    <ClInclude Include="x3dShape.h">
      <Filter>Headerdateien</Filter>
    </ClInclude>
    <ClInclude Include="x3dText.h">
      <Filter>Headerdateien</Filter>
    </ClInclude>
    <ClInclude Include="CGeoPyramid.h">
      <Filter>Headerdateien</Filter>
    </ClInclude>
    <ClInclude Include="x3dDish.h">
      <Filter>Headerdateien</Filter>
    </ClInclude>
    <ClInclude Include="x3dRectangularTorus.h">
      <Filter>Headerdateien</Filter>
    </ClInclude>
    <ClInclude Include="x3dSlopedCylinder.h">
      <Filter>Headerdateien</Filter>
    </ClInclude>
    <ClInclude Include="x3dSnout.h">
      <Filter>Headerdateien</Filter>
    </ClInclude>
    <ClInclude Include="x3dSphereSegment.h">
      <Filter>Headerdateien</Filter>
    </ClInclude>
    <ClInclude Include="x3dPointSet.h">
      <Filter>Headerdateien</Filter>
    </ClInclude>
    <ClInclude Include="x3dSubclasses.h">
      <Filter>Headerdateien</Filter>
    </ClInclude>
    <ClInclude Include="CGeoCircle2D.h">
      <Filter>Headerdateien</Filter>
    </ClInclude>
    <ClInclude Include="CGeoArcClose2D.h">
      <Filter>Headerdateien</Filter>
    </ClInclude>
  </ItemGroup>
  <ItemGroup>
    <ClCompile Include="Game.cpp">
      <Filter>Quelldateien</Filter>
    </ClCompile>
    <ClCompile Include="VektoriaApp.cpp">
      <Filter>Quelldateien</Filter>
    </ClCompile>
    <ClCompile Include="x3dImporter.cpp">
      <Filter>Quelldateien</Filter>
    </ClCompile>
    <ClCompile Include="Appearance.cpp">
      <Filter>Quelldateien</Filter>
    </ClCompile>
    <ClCompile Include="x3dMaterial.cpp">
      <Filter>Quelldateien</Filter>
    </ClCompile>
    <ClCompile Include="x3dTexture.cpp">
      <Filter>Quelldateien</Filter>
    </ClCompile>
    <ClCompile Include="x3dParser.cpp">
      <Filter>Quelldateien</Filter>
    </ClCompile>
    <ClCompile Include="x3dLight.cpp">
      <Filter>Quelldateien</Filter>
    </ClCompile>
    <ClCompile Include="x3dViewpoint.cpp">
      <Filter>Quelldateien</Filter>
    </ClCompile>
    <ClCompile Include="x3dSphere.cpp">
      <Filter>Quelldateien</Filter>
    </ClCompile>
    <ClCompile Include="x3dBox.cpp">
      <Filter>Quelldateien</Filter>
    </ClCompile>
    <ClCompile Include="x3dCircle2D.cpp">
      <Filter>Quelldateien</Filter>
    </ClCompile>
    <ClCompile Include="x3dCone.cpp">
      <Filter>Quelldateien</Filter>
    </ClCompile>
    <ClCompile Include="x3dArcClose2D.cpp">
      <Filter>Quelldateien</Filter>
    </ClCompile>
    <ClCompile Include="x3dCylinder.cpp">
      <Filter>Quelldateien</Filter>
    </ClCompile>
    <ClCompile Include="x3dDisk2D.cpp">
      <Filter>Quelldateien</Filter>
    </ClCompile>
    <ClCompile Include="x3dPlane.cpp">
      <Filter>Quelldateien</Filter>
    </ClCompile>
    <ClCompile Include="x3dTorus.cpp">
      <Filter>Quelldateien</Filter>
    </ClCompile>
    <ClCompile Include="x3dPyramid.cpp">
      <Filter>Quelldateien</Filter>
    </ClCompile>
    <ClCompile Include="x3dArc2D.cpp">
      <Filter>Quelldateien</Filter>
    </ClCompile>
    <ClCompile Include="x3dObject.cpp">
      <Filter>Quelldateien</Filter>
    </ClCompile>
    <ClCompile Include="x3dPointLight.cpp">
      <Filter>Quelldateien</Filter>
    </ClCompile>
    <ClCompile Include="x3dSpotLight.cpp">
      <Filter>Quelldateien</Filter>
    </ClCompile>
    <ClCompile Include="x3dDirectionalLight.cpp">
      <Filter>Quelldateien</Filter>
    </ClCompile>
    <ClCompile Include="x3dView.cpp">
      <Filter>Quelldateien</Filter>
    </ClCompile>
    <ClCompile Include="x3dOrthoviewpoint.cpp">
      <Filter>Quelldateien</Filter>
    </ClCompile>
    <ClCompile Include="Matrix.cpp">
      <Filter>Quelldateien</Filter>
    </ClCompile>
    <ClCompile Include="x3dModel.cpp">
      <Filter>Quelldateien</Filter>
    </ClCompile>
    <ClCompile Include="x3dShape.cpp">
      <Filter>Quelldateien</Filter>
    </ClCompile>
    <ClCompile Include="x3dText.cpp">
      <Filter>Quelldateien</Filter>
    </ClCompile>
    <ClCompile Include="CGeoPyramid.cpp">
      <Filter>Quelldateien</Filter>
    </ClCompile>
    <ClCompile Include="x3dDish.cpp">
      <Filter>Quelldateien</Filter>
    </ClCompile>
    <ClCompile Include="x3dRectangularTorus.cpp">
      <Filter>Quelldateien</Filter>
    </ClCompile>
    <ClCompile Include="x3dSlopedCylinder.cpp">
      <Filter>Quelldateien</Filter>
    </ClCompile>
    <ClCompile Include="x3dSnout.cpp">
      <Filter>Quelldateien</Filter>
    </ClCompile>
    <ClCompile Include="x3dSphereSegment.cpp">
      <Filter>Quelldateien</Filter>
    </ClCompile>
    <ClCompile Include="x3dPointSet.cpp">
      <Filter>Quelldateien</Filter>
    </ClCompile>
    <ClCompile Include="CGeoArcClose2D.cpp">
      <Filter>Quelldateien</Filter>
    </ClCompile>
    <ClCompile Include="CGeoCircle2D.cpp">
      <Filter>Quelldateien</Filter>
    </ClCompile>
  </ItemGroup>
  <ItemGroup>
    <None Include="res\VektoriaTest.ico">
      <Filter>Ressourcendateien</Filter>
    </None>
    <None Include="ClassDiagram.cd" />
  </ItemGroup>
  <ItemGroup>
    <ResourceCompile Include="VektoriaApp.rc">
      <Filter>Ressourcendateien</Filter>
    </ResourceCompile>
  </ItemGroup>
</Project>